
Microsoft Visual Studio Solution File, Format Version 12.00
# Visual Studio Version 17
VisualStudioVersion = 17.6.33815.320
MinimumVisualStudioVersion = 10.0.40219.1
Project("{FAE04EC0-301F-11D3-BF4B-00C04F79EFBC}") = "Excel_Functions", "Excel_Functions\Excel_Functions.csproj", "{519E3BBD-5D07-4E98-841C-C1F133FD856B}"
EndProject
Project("{FAE04EC0-301F-11D3-BF4B-00C04F79EFBC}") = "UI_001", "UI_001\UI_001.csproj", "{B42B1096-EB2E-4A11-9B1A-06C959CFCB9D}"
EndProject
Project("{FAE04EC0-301F-11D3-BF4B-00C04F79EFBC}") = "List Generator", "List Generator\List Generator.csproj", "{BEE22B6B-2E65-4F3E-936C-15C94DE43B20}"
EndProject
Global
	GlobalSection(SolutionConfigurationPlatforms) = preSolution
		Debug|Any CPU = Debug|Any CPU
		Release|Any CPU = Release|Any CPU
	EndGlobalSection
	GlobalSection(ProjectConfigurationPlatforms) = postSolution
		{519E3BBD-5D07-4E98-841C-C1F133FD856B}.Debug|Any CPU.ActiveCfg = Debug|Any CPU
		{519E3BBD-5D07-4E98-841C-C1F133FD856B}.Debug|Any CPU.Build.0 = Debug|Any CPU
		{519E3BBD-5D07-4E98-841C-C1F133FD856B}.Release|Any CPU.ActiveCfg = Release|Any CPU
		{519E3BBD-5D07-4E98-841C-C1F133FD856B}.Release|Any CPU.Build.0 = Release|Any CPU
		{B42B1096-EB2E-4A11-9B1A-06C959CFCB9D}.Debug|Any CPU.ActiveCfg = Debug|Any CPU
		{B42B1096-EB2E-4A11-9B1A-06C959CFCB9D}.Debug|Any CPU.Build.0 = Debug|Any CPU
		{B42B1096-EB2E-4A11-9B1A-06C959CFCB9D}.Release|Any CPU.ActiveCfg = Release|Any CPU
		{B42B1096-EB2E-4A11-9B1A-06C959CFCB9D}.Release|Any CPU.Build.0 = Release|Any CPU
		{BEE22B6B-2E65-4F3E-936C-15C94DE43B20}.Debug|Any CPU.ActiveCfg = Debug|Any CPU
		{BEE22B6B-2E65-4F3E-936C-15C94DE43B20}.Debug|Any CPU.Build.0 = Debug|Any CPU
		{BEE22B6B-2E65-4F3E-936C-15C94DE43B20}.Release|Any CPU.ActiveCfg = Release|Any CPU
		{BEE22B6B-2E65-4F3E-936C-15C94DE43B20}.Release|Any CPU.Build.0 = Release|Any CPU
	EndGlobalSection
	GlobalSection(SolutionProperties) = preSolution
		HideSolutionNode = FALSE
	EndGlobalSection
	GlobalSection(ExtensibilityGlobals) = postSolution
		SolutionGuid = {5BCFE98C-6143-49ED-A621-E9122E9214FF}
	EndGlobalSection
EndGlobal
